
Microsoft Visual Studio Solution File, Format Version 12.00
# Visual Studio 15
VisualStudioVersion = 15.0.28010.2048
MinimumVisualStudioVersion = 10.0.40219.1
Project("{FAE04EC0-301F-11D3-BF4B-00C04F79EFBC}") = "Shipping", "Shipping\Shipping.csproj", "{CC5025A0-B259-4BD0-8D30-F41EC0A61756}"
EndProject
Global
	GlobalSection(SolutionConfigurationPlatforms) = preSolution
		Debug|Any CPU = Debug|Any CPU
		Release|Any CPU = Release|Any CPU
	EndGlobalSection
	GlobalSection(ProjectConfigurationPlatforms) = postSolution
		{CC5025A0-B259-4BD0-8D30-F41EC0A61756}.Debug|Any CPU.ActiveCfg = Debug|Any CPU
		{CC5025A0-B259-4BD0-8D30-F41EC0A61756}.Debug|Any CPU.Build.0 = Debug|Any CPU
		{CC5025A0-B259-4BD0-8D30-F41EC0A61756}.Release|Any CPU.ActiveCfg = Release|Any CPU
		{CC5025A0-B259-4BD0-8D30-F41EC0A61756}.Release|Any CPU.Build.0 = Release|Any CPU
	EndGlobalSection
	GlobalSection(SolutionProperties) = preSolution
		HideSolutionNode = FALSE
	EndGlobalSection
	GlobalSection(ExtensibilityGlobals) = postSolution
		SolutionGuid = {2F01CF21-543D-4A5F-995A-AC395154EB77}
	EndGlobalSection
EndGlobal
